
Microsoft Visual Studio Solution File, Format Version 12.00
# Visual Studio Version 17
VisualStudioVersion = 17.4.33213.308
MinimumVisualStudioVersion = 10.0.40219.1
Project("{FAE04EC0-301F-11D3-BF4B-00C04F79EFBC}") = "SystemZarzadzaniaPracownikami_v1.0", "SystemZarzadzaniaPracownikami_v1.0\SystemZarzadzaniaPracownikami_v1.0.csproj", "{B8ED9A39-8B7F-4183-87DD-D3D4442B3B1D}"
EndProject
Global
	GlobalSection(SolutionConfigurationPlatforms) = preSolution
		Debug|Any CPU = Debug|Any CPU
		Release|Any CPU = Release|Any CPU
	EndGlobalSection
	GlobalSection(ProjectConfigurationPlatforms) = postSolution
		{B8ED9A39-8B7F-4183-87DD-D3D4442B3B1D}.Debug|Any CPU.ActiveCfg = Debug|Any CPU
		{B8ED9A39-8B7F-4183-87DD-D3D4442B3B1D}.Debug|Any CPU.Build.0 = Debug|Any CPU
		{B8ED9A39-8B7F-4183-87DD-D3D4442B3B1D}.Release|Any CPU.ActiveCfg = Release|Any CPU
		{B8ED9A39-8B7F-4183-87DD-D3D4442B3B1D}.Release|Any CPU.Build.0 = Release|Any CPU
	EndGlobalSection
	GlobalSection(SolutionProperties) = preSolution
		HideSolutionNode = FALSE
	EndGlobalSection
	GlobalSection(ExtensibilityGlobals) = postSolution
		SolutionGuid = {81DD9742-0E2B-4781-BA6E-1CB116BACD3C}
	EndGlobalSection
EndGlobal
